{
  "name": "webpack-server-side-hmr",
  "version": "0.1.0",
  "lockfileVersion": 1,
  "requires": true,
  "dependencies": {
    "tree-kill": {
      "version": "1.2.1",
      "resolved": "https://registry.npmjs.org/tree-kill/-/tree-kill-1.2.1.tgz",
      "integrity": "sha512-4hjqbObwlh2dLyW4tcz0Ymw0ggoaVDMveUB9w8kFSQScdRLo0gxO9J7WFcUBo+W3C1TLdFIEwNOWebgZZ0RH9Q=="
    }
  }
}
